
Microsoft Visual Studio Solution File, Format Version 12.00
# Visual Studio 15
VisualStudioVersion = 15.0.28010.2026
MinimumVisualStudioVersion = 10.0.40219.1
Project("{FAE04EC0-301F-11D3-BF4B-00C04F79EFBC}") = "UnitTesting", "UnitTesting\UnitTesting.csproj", "{F70B73F5-B464-49FF-BE8E-D6B5036D4EDE}"
EndProject
Project("{FAE04EC0-301F-11D3-BF4B-00C04F79EFBC}") = "UnitTesting.Tests", "UnitTesting.Tests\UnitTesting.Tests.csproj", "{3FEBB3F1-E0C7-4155-A177-51276C98D557}"
EndProject
Project("{2150E333-8FDC-42A3-9474-1A3956D46DE8}") = "SQL Scripts", "SQL Scripts", "{756E5E5E-90C6-4EE3-AFFF-64E1070EC38F}"
	ProjectSection(SolutionItems) = preProject
		BankDatabase.sql = BankDatabase.sql
	EndProjectSection
EndProject
Global
	GlobalSection(SolutionConfigurationPlatforms) = preSolution
		Debug|Any CPU = Debug|Any CPU
		Release|Any CPU = Release|Any CPU
	EndGlobalSection
	GlobalSection(ProjectConfigurationPlatforms) = postSolution
		{F70B73F5-B464-49FF-BE8E-D6B5036D4EDE}.Debug|Any CPU.ActiveCfg = Debug|Any CPU
		{F70B73F5-B464-49FF-BE8E-D6B5036D4EDE}.Debug|Any CPU.Build.0 = Debug|Any CPU
		{F70B73F5-B464-49FF-BE8E-D6B5036D4EDE}.Release|Any CPU.ActiveCfg = Release|Any CPU
		{F70B73F5-B464-49FF-BE8E-D6B5036D4EDE}.Release|Any CPU.Build.0 = Release|Any CPU
		{3FEBB3F1-E0C7-4155-A177-51276C98D557}.Debug|Any CPU.ActiveCfg = Debug|Any CPU
		{3FEBB3F1-E0C7-4155-A177-51276C98D557}.Debug|Any CPU.Build.0 = Debug|Any CPU
		{3FEBB3F1-E0C7-4155-A177-51276C98D557}.Release|Any CPU.ActiveCfg = Release|Any CPU
		{3FEBB3F1-E0C7-4155-A177-51276C98D557}.Release|Any CPU.Build.0 = Release|Any CPU
	EndGlobalSection
	GlobalSection(SolutionProperties) = preSolution
		HideSolutionNode = FALSE
	EndGlobalSection
	GlobalSection(ExtensibilityGlobals) = postSolution
		SolutionGuid = {EB83F5DB-E408-4210-AE82-8B4AB8ECE414}
	EndGlobalSection
EndGlobal
